
Microsoft Visual Studio Solution File, Format Version 12.00
Project("{FAE04EC0-301F-11D3-BF4B-00C04F79EFBC}") = "DotnetSample", "DotnetSample\DotnetSample.csproj", "{5156D96A-3CE6-4722-A1F5-FF3F162EDD29}"
EndProject
Global
	GlobalSection(SolutionConfigurationPlatforms) = preSolution
		Debug|Any CPU = Debug|Any CPU
		Release|Any CPU = Release|Any CPU
	EndGlobalSection
	GlobalSection(ProjectConfigurationPlatforms) = postSolution
		{5156D96A-3CE6-4722-A1F5-FF3F162EDD29}.Debug|Any CPU.ActiveCfg = Debug|Any CPU
		{5156D96A-3CE6-4722-A1F5-FF3F162EDD29}.Debug|Any CPU.Build.0 = Debug|Any CPU
		{5156D96A-3CE6-4722-A1F5-FF3F162EDD29}.Release|Any CPU.ActiveCfg = Release|Any CPU
		{5156D96A-3CE6-4722-A1F5-FF3F162EDD29}.Release|Any CPU.Build.0 = Release|Any CPU
	EndGlobalSection
EndGlobal
